
Microsoft Visual Studio Solution File, Format Version 12.00
# Visual Studio Version 16
VisualStudioVersion = 16.0.809.10
MinimumVisualStudioVersion = 10.0.40219.1
Project("{FAE04EC0-301F-11D3-BF4B-00C04F79EFBC}") = "ConsoleDraw", "ConsoleDraw\ConsoleDraw.csproj", "{377124FA-D2A8-4793-934E-9271D599F796}"
EndProject
Project("{FAE04EC0-301F-11D3-BF4B-00C04F79EFBC}") = "ConsoleDraw.UnitTests", "ConsoleDraw.UnitTests\ConsoleDraw.UnitTests.csproj", "{92DBE3C8-F8D8-4A64-A9A0-F42B750764FD}"
EndProject
Global
	GlobalSection(SolutionConfigurationPlatforms) = preSolution
		Debug|Any CPU = Debug|Any CPU
		Release|Any CPU = Release|Any CPU
	EndGlobalSection
	GlobalSection(ProjectConfigurationPlatforms) = postSolution
		{377124FA-D2A8-4793-934E-9271D599F796}.Debug|Any CPU.ActiveCfg = Debug|Any CPU
		{377124FA-D2A8-4793-934E-9271D599F796}.Debug|Any CPU.Build.0 = Debug|Any CPU
		{377124FA-D2A8-4793-934E-9271D599F796}.Release|Any CPU.ActiveCfg = Release|Any CPU
		{377124FA-D2A8-4793-934E-9271D599F796}.Release|Any CPU.Build.0 = Release|Any CPU
		{92DBE3C8-F8D8-4A64-A9A0-F42B750764FD}.Debug|Any CPU.ActiveCfg = Debug|Any CPU
		{92DBE3C8-F8D8-4A64-A9A0-F42B750764FD}.Debug|Any CPU.Build.0 = Debug|Any CPU
		{92DBE3C8-F8D8-4A64-A9A0-F42B750764FD}.Release|Any CPU.ActiveCfg = Release|Any CPU
		{92DBE3C8-F8D8-4A64-A9A0-F42B750764FD}.Release|Any CPU.Build.0 = Release|Any CPU
	EndGlobalSection
	GlobalSection(SolutionProperties) = preSolution
		HideSolutionNode = FALSE
	EndGlobalSection
	GlobalSection(ExtensibilityGlobals) = postSolution
		SolutionGuid = {F86D7A55-1314-42E6-88A5-B09658020B17}
	EndGlobalSection
EndGlobal
